
Microsoft Visual Studio Solution File, Format Version 12.00
# Visual Studio Version 16
VisualStudioVersion = 16.0.29709.97
MinimumVisualStudioVersion = 10.0.40219.1
Project("{FAE04EC0-301F-11D3-BF4B-00C04F79EFBC}") = "WindowsFormsApp1", "WindowsFormsApp1\WindowsFormsApp1.csproj", "{DF8CBB8C-C1CD-4932-987B-02EA392B1918}"
EndProject
Global
	GlobalSection(SolutionConfigurationPlatforms) = preSolution
		Debug|Any CPU = Debug|Any CPU
		Release|Any CPU = Release|Any CPU
	EndGlobalSection
	GlobalSection(ProjectConfigurationPlatforms) = postSolution
		{DF8CBB8C-C1CD-4932-987B-02EA392B1918}.Debug|Any CPU.ActiveCfg = Debug|Any CPU
		{DF8CBB8C-C1CD-4932-987B-02EA392B1918}.Debug|Any CPU.Build.0 = Debug|Any CPU
		{DF8CBB8C-C1CD-4932-987B-02EA392B1918}.Release|Any CPU.ActiveCfg = Release|Any CPU
		{DF8CBB8C-C1CD-4932-987B-02EA392B1918}.Release|Any CPU.Build.0 = Release|Any CPU
	EndGlobalSection
	GlobalSection(SolutionProperties) = preSolution
		HideSolutionNode = FALSE
	EndGlobalSection
	GlobalSection(ExtensibilityGlobals) = postSolution
		SolutionGuid = {88BBAE7C-196C-41EC-AC83-43066ED2D998}
	EndGlobalSection
EndGlobal
